
Microsoft Visual Studio Solution File, Format Version 12.00
# Visual Studio Version 17
VisualStudioVersion = 17.0.32014.148
MinimumVisualStudioVersion = 10.0.40219.1
Project("{9A19103F-16F7-4668-BE54-9A1E7A4F7556}") = "SharingSystem", "SharingSystem.csproj", "{0DA2C11F-A3E8-43AD-9582-2D7650290BEE}"
EndProject
Global
	GlobalSection(SolutionConfigurationPlatforms) = preSolution
		Debug|Any CPU = Debug|Any CPU
		Release|Any CPU = Release|Any CPU
	EndGlobalSection
	GlobalSection(ProjectConfigurationPlatforms) = postSolution
		{0DA2C11F-A3E8-43AD-9582-2D7650290BEE}.Debug|Any CPU.ActiveCfg = Release|Any CPU
		{0DA2C11F-A3E8-43AD-9582-2D7650290BEE}.Debug|Any CPU.Build.0 = Release|Any CPU
		{0DA2C11F-A3E8-43AD-9582-2D7650290BEE}.Release|Any CPU.ActiveCfg = Release|Any CPU
		{0DA2C11F-A3E8-43AD-9582-2D7650290BEE}.Release|Any CPU.Build.0 = Release|Any CPU
	EndGlobalSection
	GlobalSection(SolutionProperties) = preSolution
		HideSolutionNode = FALSE
	EndGlobalSection
	GlobalSection(ExtensibilityGlobals) = postSolution
		SolutionGuid = {624B8BCA-E918-40BA-8E4E-2B7A85722084}
	EndGlobalSection
EndGlobal
